
Microsoft Visual Studio Solution File, Format Version 12.00
# Visual Studio Version 17
VisualStudioVersion = 17.9.34714.143
MinimumVisualStudioVersion = 10.0.40219.1
Project("{9A19103F-16F7-4668-BE54-9A1E7A4F7556}") = "TP2-TiendaRetail-ApiRest", "TP2-TiendaRetail-ApiRest\TP2-TiendaRetail-ApiRest.csproj", "{E18F1E5C-8C4E-4B00-9D38-BDDFCF437FFB}"
EndProject
Project("{9A19103F-16F7-4668-BE54-9A1E7A4F7556}") = "Application", "Application\Application.csproj", "{E1AFD1D1-51ED-430B-AF48-D8B143B64625}"
EndProject
Project("{9A19103F-16F7-4668-BE54-9A1E7A4F7556}") = "Domain", "Domain\Domain.csproj", "{3A97A954-4924-4C0B-A89E-B6881D192ECE}"
EndProject
Project("{9A19103F-16F7-4668-BE54-9A1E7A4F7556}") = "Infraestructure", "Infraestructure\Infraestructure.csproj", "{E0024B03-52E3-4FA1-9399-996FA0549FB7}"
EndProject
Project("{E53339B2-1760-4266-BCC7-CA923CBCF16C}") = "docker-compose", "docker-compose.dcproj", "{F0C8FB97-FB75-4064-8E7D-AD8A48129A7C}"
EndProject
Global
	GlobalSection(SolutionConfigurationPlatforms) = preSolution
		Debug|Any CPU = Debug|Any CPU
		Release|Any CPU = Release|Any CPU
	EndGlobalSection
	GlobalSection(ProjectConfigurationPlatforms) = postSolution
		{E18F1E5C-8C4E-4B00-9D38-BDDFCF437FFB}.Debug|Any CPU.ActiveCfg = Debug|Any CPU
		{E18F1E5C-8C4E-4B00-9D38-BDDFCF437FFB}.Debug|Any CPU.Build.0 = Debug|Any CPU
		{E18F1E5C-8C4E-4B00-9D38-BDDFCF437FFB}.Release|Any CPU.ActiveCfg = Release|Any CPU
		{E18F1E5C-8C4E-4B00-9D38-BDDFCF437FFB}.Release|Any CPU.Build.0 = Release|Any CPU
		{E1AFD1D1-51ED-430B-AF48-D8B143B64625}.Debug|Any CPU.ActiveCfg = Debug|Any CPU
		{E1AFD1D1-51ED-430B-AF48-D8B143B64625}.Debug|Any CPU.Build.0 = Debug|Any CPU
		{E1AFD1D1-51ED-430B-AF48-D8B143B64625}.Release|Any CPU.ActiveCfg = Release|Any CPU
		{E1AFD1D1-51ED-430B-AF48-D8B143B64625}.Release|Any CPU.Build.0 = Release|Any CPU
		{3A97A954-4924-4C0B-A89E-B6881D192ECE}.Debug|Any CPU.ActiveCfg = Debug|Any CPU
		{3A97A954-4924-4C0B-A89E-B6881D192ECE}.Debug|Any CPU.Build.0 = Debug|Any CPU
		{3A97A954-4924-4C0B-A89E-B6881D192ECE}.Release|Any CPU.ActiveCfg = Release|Any CPU
		{3A97A954-4924-4C0B-A89E-B6881D192ECE}.Release|Any CPU.Build.0 = Release|Any CPU
		{E0024B03-52E3-4FA1-9399-996FA0549FB7}.Debug|Any CPU.ActiveCfg = Debug|Any CPU
		{E0024B03-52E3-4FA1-9399-996FA0549FB7}.Debug|Any CPU.Build.0 = Debug|Any CPU
		{E0024B03-52E3-4FA1-9399-996FA0549FB7}.Release|Any CPU.ActiveCfg = Release|Any CPU
		{E0024B03-52E3-4FA1-9399-996FA0549FB7}.Release|Any CPU.Build.0 = Release|Any CPU
		{F0C8FB97-FB75-4064-8E7D-AD8A48129A7C}.Debug|Any CPU.ActiveCfg = Debug|Any CPU
		{F0C8FB97-FB75-4064-8E7D-AD8A48129A7C}.Debug|Any CPU.Build.0 = Debug|Any CPU
		{F0C8FB97-FB75-4064-8E7D-AD8A48129A7C}.Release|Any CPU.ActiveCfg = Release|Any CPU
		{F0C8FB97-FB75-4064-8E7D-AD8A48129A7C}.Release|Any CPU.Build.0 = Release|Any CPU
	EndGlobalSection
	GlobalSection(SolutionProperties) = preSolution
		HideSolutionNode = FALSE
	EndGlobalSection
	GlobalSection(ExtensibilityGlobals) = postSolution
		SolutionGuid = {0B8B6378-C9D3-40A4-9D1A-FF1C8E3C7CF5}
	EndGlobalSection
EndGlobal
